// !$*UTF8*$!
{
	archiveVersion = 1;
	classes = {
	};
	objectVersion = 55;
	objects = {

/* Begin PBXBuildFile section */
		3BC9CD1928CCD83B0077D8AC /* AppDelegate.swift in Sources */ = {isa = PBXBuildFile; fileRef = 3BC9CD1828CCD83B0077D8AC /* AppDelegate.swift */; };
		3BC9CD1B28CCD83B0077D8AC /* SceneDelegate.swift in Sources */ = {isa = PBXBuildFile; fileRef = 3BC9CD1A28CCD83B0077D8AC /* SceneDelegate.swift */; };
		3BC9CD1D28CCD83B0077D8AC /* HomeViewController.swift in Sources */ = {isa = PBXBuildFile; fileRef = 3BC9CD1C28CCD83B0077D8AC /* HomeViewController.swift */; };
		3BC9CD2228CCD83D0077D8AC /* Assets.xcassets in Resources */ = {isa = PBXBuildFile; fileRef = 3BC9CD2128CCD83D0077D8AC /* Assets.xcassets */; };
		3BC9CD2528CCD83D0077D8AC /* LaunchScreen.storyboard in Resources */ = {isa = PBXBuildFile; fileRef = 3BC9CD2328CCD83D0077D8AC /* LaunchScreen.storyboard */; };
		3BC9CD3028CCD83D0077D8AC /* Dependency_InjectionTests.swift in Sources */ = {isa = PBXBuildFile; fileRef = 3BC9CD2F28CCD83D0077D8AC /* Dependency_InjectionTests.swift */; };
		3BC9CD4B28CD59F50077D8AC /* MainFactory.swift in Sources */ = {isa = PBXBuildFile; fileRef = 3BC9CD4A28CD59F50077D8AC /* MainFactory.swift */; };
		3BC9CD5228CD653F0077D8AC /* HomeViewModel.swift in Sources */ = {isa = PBXBuildFile; fileRef = 3BC9CD5128CD653F0077D8AC /* HomeViewModel.swift */; };
		3BC9CD5528CD742B0077D8AC /* RandomNumber.swift in Sources */ = {isa = PBXBuildFile; fileRef = 3BC9CD5428CD742B0077D8AC /* RandomNumber.swift */; };
		3BC9CD5828CE302B0077D8AC /* MainFactory+List.swift in Sources */ = {isa = PBXBuildFile; fileRef = 3BC9CD5728CE302B0077D8AC /* MainFactory+List.swift */; };
		3BC9CD5B28CE305F0077D8AC /* ApiClient.swift in Sources */ = {isa = PBXBuildFile; fileRef = 3BC9CD5A28CE305F0077D8AC /* ApiClient.swift */; };
		3BC9CD5D28CE308B0077D8AC /* Endpoint.swift in Sources */ = {isa = PBXBuildFile; fileRef = 3BC9CD5C28CE308B0077D8AC /* Endpoint.swift */; };
/* End PBXBuildFile section */

/* Begin PBXContainerItemProxy section */
		3BC9CD2C28CCD83D0077D8AC /* PBXContainerItemProxy */ = {
			isa = PBXContainerItemProxy;
			containerPortal = 3BC9CD0D28CCD83B0077D8AC /* Project object */;
			proxyType = 1;
			remoteGlobalIDString = 3BC9CD1428CCD83B0077D8AC;
			remoteInfo = "Dependency Injection";
		};
/* End PBXContainerItemProxy section */

/* Begin PBXFileReference section */
		3BC9CD1528CCD83B0077D8AC /* Dependency Injection.app */ = {isa = PBXFileReference; explicitFileType = wrapper.application; includeInIndex = 0; path = "Dependency Injection.app"; sourceTree = BUILT_PRODUCTS_DIR; };
		3BC9CD1828CCD83B0077D8AC /* AppDelegate.swift */ = {isa = PBXFileReference; lastKnownFileType = sourcecode.swift; path = AppDelegate.swift; sourceTree = "<group>"; };
		3BC9CD1A28CCD83B0077D8AC /* SceneDelegate.swift */ = {isa = PBXFileReference; lastKnownFileType = sourcecode.swift; path = SceneDelegate.swift; sourceTree = "<group>"; };
		3BC9CD1C28CCD83B0077D8AC /* HomeViewController.swift */ = {isa = PBXFileReference; lastKnownFileType = sourcecode.swift; path = HomeViewController.swift; sourceTree = "<group>"; };
		3BC9CD2128CCD83D0077D8AC /* Assets.xcassets */ = {isa = PBXFileReference; lastKnownFileType = folder.assetcatalog; path = Assets.xcassets; sourceTree = "<group>"; };
		3BC9CD2428CCD83D0077D8AC /* Base */ = {isa = PBXFileReference; lastKnownFileType = file.storyboard; name = Base; path = Base.lproj/LaunchScreen.storyboard; sourceTree = "<group>"; };
		3BC9CD2628CCD83D0077D8AC /* Info.plist */ = {isa = PBXFileReference; lastKnownFileType = text.plist.xml; path = Info.plist; sourceTree = "<group>"; };
		3BC9CD2B28CCD83D0077D8AC /* Dependency InjectionTests.xctest */ = {isa = PBXFileReference; explicitFileType = wrapper.cfbundle; includeInIndex = 0; path = "Dependency InjectionTests.xctest"; sourceTree = BUILT_PRODUCTS_DIR; };
		3BC9CD2F28CCD83D0077D8AC /* Dependency_InjectionTests.swift */ = {isa = PBXFileReference; lastKnownFileType = sourcecode.swift; path = Dependency_InjectionTests.swift; sourceTree = "<group>"; };
		3BC9CD4A28CD59F50077D8AC /* MainFactory.swift */ = {isa = PBXFileReference; lastKnownFileType = sourcecode.swift; path = MainFactory.swift; sourceTree = "<group>"; };
		3BC9CD5128CD653F0077D8AC /* HomeViewModel.swift */ = {isa = PBXFileReference; lastKnownFileType = sourcecode.swift; path = HomeViewModel.swift; sourceTree = "<group>"; };
		3BC9CD5428CD742B0077D8AC /* RandomNumber.swift */ = {isa = PBXFileReference; lastKnownFileType = sourcecode.swift; path = RandomNumber.swift; sourceTree = "<group>"; };
		3BC9CD5728CE302B0077D8AC /* MainFactory+List.swift */ = {isa = PBXFileReference; lastKnownFileType = sourcecode.swift; path = "MainFactory+List.swift"; sourceTree = "<group>"; };
		3BC9CD5A28CE305F0077D8AC /* ApiClient.swift */ = {isa = PBXFileReference; lastKnownFileType = sourcecode.swift; path = ApiClient.swift; sourceTree = "<group>"; };
		3BC9CD5C28CE308B0077D8AC /* Endpoint.swift */ = {isa = PBXFileReference; lastKnownFileType = sourcecode.swift; path = Endpoint.swift; sourceTree = "<group>"; };
/* End PBXFileReference section */

/* Begin PBXFrameworksBuildPhase section */
		3BC9CD1228CCD83B0077D8AC /* Frameworks */ = {
			isa = PBXFrameworksBuildPhase;
			buildActionMask = 2147483647;
			files = (
			);
			runOnlyForDeploymentPostprocessing = 0;
		};
		3BC9CD2828CCD83D0077D8AC /* Frameworks */ = {
			isa = PBXFrameworksBuildPhase;
			buildActionMask = 2147483647;
			files = (
			);
			runOnlyForDeploymentPostprocessing = 0;
		};
/* End PBXFrameworksBuildPhase section */

/* Begin PBXGroup section */
		3BC9CD0C28CCD83B0077D8AC = {
			isa = PBXGroup;
			children = (
				3BC9CD1728CCD83B0077D8AC /* Dependency Injection */,
				3BC9CD2E28CCD83D0077D8AC /* Dependency InjectionTests */,
				3BC9CD1628CCD83B0077D8AC /* Products */,
			);
			sourceTree = "<group>";
		};
		3BC9CD1628CCD83B0077D8AC /* Products */ = {
			isa = PBXGroup;
			children = (
				3BC9CD1528CCD83B0077D8AC /* Dependency Injection.app */,
				3BC9CD2B28CCD83D0077D8AC /* Dependency InjectionTests.xctest */,
			);
			name = Products;
			sourceTree = "<group>";
		};
		3BC9CD1728CCD83B0077D8AC /* Dependency Injection */ = {
			isa = PBXGroup;
			children = (
				3BC9CD5928CE304C0077D8AC /* Networking */,
				3BC9CD4928CD59A90077D8AC /* Modules */,
				3BC9CD4828CD59970077D8AC /* Composition */,
				3BC9CD2328CCD83D0077D8AC /* LaunchScreen.storyboard */,
				3BC9CD2128CCD83D0077D8AC /* Assets.xcassets */,
				3BC9CD2628CCD83D0077D8AC /* Info.plist */,
			);
			path = "Dependency Injection";
			sourceTree = "<group>";
		};
		3BC9CD2E28CCD83D0077D8AC /* Dependency InjectionTests */ = {
			isa = PBXGroup;
			children = (
				3BC9CD2F28CCD83D0077D8AC /* Dependency_InjectionTests.swift */,
			);
			path = "Dependency InjectionTests";
			sourceTree = "<group>";
		};
		3BC9CD4828CD59970077D8AC /* Composition */ = {
			isa = PBXGroup;
			children = (
				3BC9CD5628CE2FE70077D8AC /* Factories */,
				3BC9CD1828CCD83B0077D8AC /* AppDelegate.swift */,
				3BC9CD1A28CCD83B0077D8AC /* SceneDelegate.swift */,
			);
			path = Composition;
			sourceTree = "<group>";
		};
		3BC9CD4928CD59A90077D8AC /* Modules */ = {
			isa = PBXGroup;
			children = (
				3BC9CD5E28CE31B90077D8AC /* List */,
				3BC9CD4C28CD5AD40077D8AC /* Home */,
			);
			path = Modules;
			sourceTree = "<group>";
		};
		3BC9CD4C28CD5AD40077D8AC /* Home */ = {
			isa = PBXGroup;
			children = (
				3BC9CD5328CD741D0077D8AC /* Utils */,
				3BC9CD4E28CD5CEF0077D8AC /* Domain */,
				3BC9CD4D28CD5CE90077D8AC /* Presentation */,
			);
			path = Home;
			sourceTree = "<group>";
		};
		3BC9CD4D28CD5CE90077D8AC /* Presentation */ = {
			isa = PBXGroup;
			children = (
				3BC9CD1C28CCD83B0077D8AC /* HomeViewController.swift */,
				3BC9CD5128CD653F0077D8AC /* HomeViewModel.swift */,
			);
			path = Presentation;
			sourceTree = "<group>";
		};
		3BC9CD4E28CD5CEF0077D8AC /* Domain */ = {
			isa = PBXGroup;
			children = (
			);
			path = Domain;
			sourceTree = "<group>";
		};
		3BC9CD5328CD741D0077D8AC /* Utils */ = {
			isa = PBXGroup;
			children = (
				3BC9CD5428CD742B0077D8AC /* RandomNumber.swift */,
			);
			path = Utils;
			sourceTree = "<group>";
		};
		3BC9CD5628CE2FE70077D8AC /* Factories */ = {
			isa = PBXGroup;
			children = (
				3BC9CD4A28CD59F50077D8AC /* MainFactory.swift */,
				3BC9CD5728CE302B0077D8AC /* MainFactory+List.swift */,
			);
			path = Factories;
			sourceTree = "<group>";
		};
		3BC9CD5928CE304C0077D8AC /* Networking */ = {
			isa = PBXGroup;
			children = (
				3BC9CD5A28CE305F0077D8AC /* ApiClient.swift */,
				3BC9CD5C28CE308B0077D8AC /* Endpoint.swift */,
			);
			path = Networking;
			sourceTree = "<group>";
		};
		3BC9CD5E28CE31B90077D8AC /* List */ = {
			isa = PBXGroup;
			children = (
				3BC9CD6128CE31D00077D8AC /* Data */,
				3BC9CD6028CE31CB0077D8AC /* Domain */,
				3BC9CD5F28CE31C40077D8AC /* Presentation */,
			);
			path = List;
			sourceTree = "<group>";
		};
		3BC9CD5F28CE31C40077D8AC /* Presentation */ = {
			isa = PBXGroup;
			children = (
			);
			path = Presentation;
			sourceTree = "<group>";
		};
		3BC9CD6028CE31CB0077D8AC /* Domain */ = {
			isa = PBXGroup;
			children = (
			);
			path = Domain;
			sourceTree = "<group>";
		};
		3BC9CD6128CE31D00077D8AC /* Data */ = {
			isa = PBXGroup;
			children = (
			);
			path = Data;
			sourceTree = "<group>";
		};
/* End PBXGroup section */

/* Begin PBXNativeTarget section */
		3BC9CD1428CCD83B0077D8AC /* Dependency Injection */ = {
			isa = PBXNativeTarget;
			buildConfigurationList = 3BC9CD3F28CCD83D0077D8AC /* Build configuration list for PBXNativeTarget "Dependency Injection" */;
			buildPhases = (
				3BC9CD1128CCD83B0077D8AC /* Sources */,
				3BC9CD1228CCD83B0077D8AC /* Frameworks */,
				3BC9CD1328CCD83B0077D8AC /* Resources */,
			);
			buildRules = (
			);
			dependencies = (
			);
			name = "Dependency Injection";
			productName = "Dependency Injection";
			productReference = 3BC9CD1528CCD83B0077D8AC /* Dependency Injection.app */;
			productType = "com.apple.product-type.application";
		};
		3BC9CD2A28CCD83D0077D8AC /* Dependency InjectionTests */ = {
			isa = PBXNativeTarget;
			buildConfigurationList = 3BC9CD4228CCD83D0077D8AC /* Build configuration list for PBXNativeTarget "Dependency InjectionTests" */;
			buildPhases = (
				3BC9CD2728CCD83D0077D8AC /* Sources */,
				3BC9CD2828CCD83D0077D8AC /* Frameworks */,
				3BC9CD2928CCD83D0077D8AC /* Resources */,
			);
			buildRules = (
			);
			dependencies = (
				3BC9CD2D28CCD83D0077D8AC /* PBXTargetDependency */,
			);
			name = "Dependency InjectionTests";
			productName = "Dependency InjectionTests";
			productReference = 3BC9CD2B28CCD83D0077D8AC /* Dependency InjectionTests.xctest */;
			productType = "com.apple.product-type.bundle.unit-test";
		};
/* End PBXNativeTarget section */

/* Begin PBXProject section */
		3BC9CD0D28CCD83B0077D8AC /* Project object */ = {
			isa = PBXProject;
			attributes = {
				BuildIndependentTargetsInParallel = 1;
				LastSwiftUpdateCheck = 1330;
				LastUpgradeCheck = 1330;
				TargetAttributes = {
					3BC9CD1428CCD83B0077D8AC = {
						CreatedOnToolsVersion = 13.3;
					};
					3BC9CD2A28CCD83D0077D8AC = {
						CreatedOnToolsVersion = 13.3;
						TestTargetID = 3BC9CD1428CCD83B0077D8AC;
					};
				};
			};
			buildConfigurationList = 3BC9CD1028CCD83B0077D8AC /* Build configuration list for PBXProject "Dependency Injection" */;
			compatibilityVersion = "Xcode 13.0";
			developmentRegion = en;
			hasScannedForEncodings = 0;
			knownRegions = (
				en,
				Base,
			);
			mainGroup = 3BC9CD0C28CCD83B0077D8AC;
			productRefGroup = 3BC9CD1628CCD83B0077D8AC /* Products */;
			projectDirPath = "";
			projectRoot = "";
			targets = (
				3BC9CD1428CCD83B0077D8AC /* Dependency Injection */,
				3BC9CD2A28CCD83D0077D8AC /* Dependency InjectionTests */,
			);
		};
/* End PBXProject section */

/* Begin PBXResourcesBuildPhase section */
		3BC9CD1328CCD83B0077D8AC /* Resources */ = {
			isa = PBXResourcesBuildPhase;
			buildActionMask = 2147483647;
			files = (
				3BC9CD2528CCD83D0077D8AC /* LaunchScreen.storyboard in Resources */,
				3BC9CD2228CCD83D0077D8AC /* Assets.xcassets in Resources */,
			);
			runOnlyForDeploymentPostprocessing = 0;
		};
		3BC9CD2928CCD83D0077D8AC /* Resources */ = {
			isa = PBXResourcesBuildPhase;
			buildActionMask = 2147483647;
			files = (
			);
			runOnlyForDeploymentPostprocessing = 0;
		};
/* End PBXResourcesBuildPhase section */

/* Begin PBXSourcesBuildPhase section */
		3BC9CD1128CCD83B0077D8AC /* Sources */ = {
			isa = PBXSourcesBuildPhase;
			buildActionMask = 2147483647;
			files = (
				3BC9CD1D28CCD83B0077D8AC /* HomeViewController.swift in Sources */,
				3BC9CD5D28CE308B0077D8AC /* Endpoint.swift in Sources */,
				3BC9CD4B28CD59F50077D8AC /* MainFactory.swift in Sources */,
				3BC9CD1928CCD83B0077D8AC /* AppDelegate.swift in Sources */,
				3BC9CD5B28CE305F0077D8AC /* ApiClient.swift in Sources */,
				3BC9CD5828CE302B0077D8AC /* MainFactory+List.swift in Sources */,
				3BC9CD5228CD653F0077D8AC /* HomeViewModel.swift in Sources */,
				3BC9CD1B28CCD83B0077D8AC /* SceneDelegate.swift in Sources */,
				3BC9CD5528CD742B0077D8AC /* RandomNumber.swift in Sources */,
			);
			runOnlyForDeploymentPostprocessing = 0;
		};
		3BC9CD2728CCD83D0077D8AC /* Sources */ = {
			isa = PBXSourcesBuildPhase;
			buildActionMask = 2147483647;
			files = (
				3BC9CD3028CCD83D0077D8AC /* Dependency_InjectionTests.swift in Sources */,
			);
			runOnlyForDeploymentPostprocessing = 0;
		};
/* End PBXSourcesBuildPhase section */

/* Begin PBXTargetDependency section */
		3BC9CD2D28CCD83D0077D8AC /* PBXTargetDependency */ = {
			isa = PBXTargetDependency;
			target = 3BC9CD1428CCD83B0077D8AC /* Dependency Injection */;
			targetProxy = 3BC9CD2C28CCD83D0077D8AC /* PBXContainerItemProxy */;
		};
/* End PBXTargetDependency section */

/* Begin PBXVariantGroup section */
		3BC9CD2328CCD83D0077D8AC /* LaunchScreen.storyboard */ = {
			isa = PBXVariantGroup;
			children = (
				3BC9CD2428CCD83D0077D8AC /* Base */,
			);
			name = LaunchScreen.storyboard;
			sourceTree = "<group>";
		};
/* End PBXVariantGroup section */

/* Begin XCBuildConfiguration section */
		3BC9CD3D28CCD83D0077D8AC /* Debug */ = {
			isa = XCBuildConfiguration;
			buildSettings = {
				ALWAYS_SEARCH_USER_PATHS = NO;
				CLANG_ANALYZER_NONNULL = YES;
				CLANG_ANALYZER_NUMBER_OBJECT_CONVERSION = YES_AGGRESSIVE;
				CLANG_CXX_LANGUAGE_STANDARD = "gnu++17";
				CLANG_ENABLE_MODULES = YES;
				CLANG_ENABLE_OBJC_ARC = YES;
				CLANG_ENABLE_OBJC_WEAK = YES;
				CLANG_WARN_BLOCK_CAPTURE_AUTORELEASING = YES;
				CLANG_WARN_BOOL_CONVERSION = YES;
				CLANG_WARN_COMMA = YES;
				CLANG_WARN_CONSTANT_CONVERSION = YES;
				CLANG_WARN_DEPRECATED_OBJC_IMPLEMENTATIONS = YES;
				CLANG_WARN_DIRECT_OBJC_ISA_USAGE = YES_ERROR;
				CLANG_WARN_DOCUMENTATION_COMMENTS = YES;
				CLANG_WARN_EMPTY_BODY = YES;
				CLANG_WARN_ENUM_CONVERSION = YES;
				CLANG_WARN_INFINITE_RECURSION = YES;
				CLANG_WARN_INT_CONVERSION = YES;
				CLANG_WARN_NON_LITERAL_NULL_CONVERSION = YES;
				CLANG_WARN_OBJC_IMPLICIT_RETAIN_SELF = YES;
				CLANG_WARN_OBJC_LITERAL_CONVERSION = YES;
				CLANG_WARN_OBJC_ROOT_CLASS = YES_ERROR;
				CLANG_WARN_QUOTED_INCLUDE_IN_FRAMEWORK_HEADER = YES;
				CLANG_WARN_RANGE_LOOP_ANALYSIS = YES;
				CLANG_WARN_STRICT_PROTOTYPES = YES;
				CLANG_WARN_SUSPICIOUS_MOVE = YES;
				CLANG_WARN_UNGUARDED_AVAILABILITY = YES_AGGRESSIVE;
				CLANG_WARN_UNREACHABLE_CODE = YES;
				CLANG_WARN__DUPLICATE_METHOD_MATCH = YES;
				COPY_PHASE_STRIP = NO;
				DEBUG_INFORMATION_FORMAT = dwarf;
				ENABLE_STRICT_OBJC_MSGSEND = YES;
				ENABLE_TESTABILITY = YES;
				GCC_C_LANGUAGE_STANDARD = gnu11;
				GCC_DYNAMIC_NO_PIC = NO;
				GCC_NO_COMMON_BLOCKS = YES;
				GCC_OPTIMIZATION_LEVEL = 0;
				GCC_PREPROCESSOR_DEFINITIONS = (
					"DEBUG=1",
					"$(inherited)",
				);
				GCC_WARN_64_TO_32_BIT_CONVERSION = YES;
				GCC_WARN_ABOUT_RETURN_TYPE = YES_ERROR;
				GCC_WARN_UNDECLARED_SELECTOR = YES;
				GCC_WARN_UNINITIALIZED_AUTOS = YES_AGGRESSIVE;
				GCC_WARN_UNUSED_FUNCTION = YES;
				GCC_WARN_UNUSED_VARIABLE = YES;
				IPHONEOS_DEPLOYMENT_TARGET = 15.4;
				MTL_ENABLE_DEBUG_INFO = INCLUDE_SOURCE;
				MTL_FAST_MATH = YES;
				ONLY_ACTIVE_ARCH = YES;
				SDKROOT = iphoneos;
				SWIFT_ACTIVE_COMPILATION_CONDITIONS = DEBUG;
				SWIFT_OPTIMIZATION_LEVEL = "-Onone";
			};
			name = Debug;
		};
		3BC9CD3E28CCD83D0077D8AC /* Release */ = {
			isa = XCBuildConfiguration;
			buildSettings = {
				ALWAYS_SEARCH_USER_PATHS = NO;
				CLANG_ANALYZER_NONNULL = YES;
				CLANG_ANALYZER_NUMBER_OBJECT_CONVERSION = YES_AGGRESSIVE;
				CLANG_CXX_LANGUAGE_STANDARD = "gnu++17";
				CLANG_ENABLE_MODULES = YES;
				CLANG_ENABLE_OBJC_ARC = YES;
				CLANG_ENABLE_OBJC_WEAK = YES;
				CLANG_WARN_BLOCK_CAPTURE_AUTORELEASING = YES;
				CLANG_WARN_BOOL_CONVERSION = YES;
				CLANG_WARN_COMMA = YES;
				CLANG_WARN_CONSTANT_CONVERSION = YES;
				CLANG_WARN_DEPRECATED_OBJC_IMPLEMENTATIONS = YES;
				CLANG_WARN_DIRECT_OBJC_ISA_USAGE = YES_ERROR;
				CLANG_WARN_DOCUMENTATION_COMMENTS = YES;
				CLANG_WARN_EMPTY_BODY = YES;
				CLANG_WARN_ENUM_CONVERSION = YES;
				CLANG_WARN_INFINITE_RECURSION = YES;
				CLANG_WARN_INT_CONVERSION = YES;
				CLANG_WARN_NON_LITERAL_NULL_CONVERSION = YES;
				CLANG_WARN_OBJC_IMPLICIT_RETAIN_SELF = YES;
				CLANG_WARN_OBJC_LITERAL_CONVERSION = YES;
				CLANG_WARN_OBJC_ROOT_CLASS = YES_ERROR;
				CLANG_WARN_QUOTED_INCLUDE_IN_FRAMEWORK_HEADER = YES;
				CLANG_WARN_RANGE_LOOP_ANALYSIS = YES;
				CLANG_WARN_STRICT_PROTOTYPES = YES;
				CLANG_WARN_SUSPICIOUS_MOVE = YES;
				CLANG_WARN_UNGUARDED_AVAILABILITY = YES_AGGRESSIVE;
				CLANG_WARN_UNREACHABLE_CODE = YES;
				CLANG_WARN__DUPLICATE_METHOD_MATCH = YES;
				COPY_PHASE_STRIP = NO;
				DEBUG_INFORMATION_FORMAT = "dwarf-with-dsym";
				ENABLE_NS_ASSERTIONS = NO;
				ENABLE_STRICT_OBJC_MSGSEND = YES;
				GCC_C_LANGUAGE_STANDARD = gnu11;
				GCC_NO_COMMON_BLOCKS = YES;
				GCC_WARN_64_TO_32_BIT_CONVERSION = YES;
				GCC_WARN_ABOUT_RETURN_TYPE = YES_ERROR;
				GCC_WARN_UNDECLARED_SELECTOR = YES;
				GCC_WARN_UNINITIALIZED_AUTOS = YES_AGGRESSIVE;
				GCC_WARN_UNUSED_FUNCTION = YES;
				GCC_WARN_UNUSED_VARIABLE = YES;
				IPHONEOS_DEPLOYMENT_TARGET = 15.4;
				MTL_ENABLE_DEBUG_INFO = NO;
				MTL_FAST_MATH = YES;
				SDKROOT = iphoneos;
				SWIFT_COMPILATION_MODE = wholemodule;
				SWIFT_OPTIMIZATION_LEVEL = "-O";
				VALIDATE_PRODUCT = YES;
			};
			name = Release;
		};
		3BC9CD4028CCD83D0077D8AC /* Debug */ = {
			isa = XCBuildConfiguration;
			buildSettings = {
				ASSETCATALOG_COMPILER_APPICON_NAME = AppIcon;
				ASSETCATALOG_COMPILER_GLOBAL_ACCENT_COLOR_NAME = AccentColor;
				CODE_SIGN_STYLE = Automatic;
				CURRENT_PROJECT_VERSION = 1;
				DEVELOPMENT_TEAM = TNSM43P2F3;
				GENERATE_INFOPLIST_FILE = YES;
				INFOPLIST_FILE = "Dependency Injection/Info.plist";
				INFOPLIST_KEY_UIApplicationSupportsIndirectInputEvents = YES;
				INFOPLIST_KEY_UILaunchStoryboardName = LaunchScreen;
				INFOPLIST_KEY_UISupportedInterfaceOrientations_iPad = "UIInterfaceOrientationPortrait UIInterfaceOrientationPortraitUpsideDown UIInterfaceOrientationLandscapeLeft UIInterfaceOrientationLandscapeRight";
				INFOPLIST_KEY_UISupportedInterfaceOrientations_iPhone = "UIInterfaceOrientationPortrait UIInterfaceOrientationLandscapeLeft UIInterfaceOrientationLandscapeRight";
				LD_RUNPATH_SEARCH_PATHS = (
					"$(inherited)",
					"@executable_path/Frameworks",
				);
				MARKETING_VERSION = 1.0;
				PRODUCT_BUNDLE_IDENTIFIER = "com.javiercueto.Dependency-Injection";
				PRODUCT_NAME = "$(TARGET_NAME)";
				SWIFT_EMIT_LOC_STRINGS = YES;
				SWIFT_VERSION = 5.0;
				TARGETED_DEVICE_FAMILY = "1,2";
			};
			name = Debug;
		};
		3BC9CD4128CCD83D0077D8AC /* Release */ = {
			isa = XCBuildConfiguration;
			buildSettings = {
				ASSETCATALOG_COMPILER_APPICON_NAME = AppIcon;
				ASSETCATALOG_COMPILER_GLOBAL_ACCENT_COLOR_NAME = AccentColor;
				CODE_SIGN_STYLE = Automatic;
				CURRENT_PROJECT_VERSION = 1;
				DEVELOPMENT_TEAM = TNSM43P2F3;
				GENERATE_INFOPLIST_FILE = YES;
				INFOPLIST_FILE = "Dependency Injection/Info.plist";
				INFOPLIST_KEY_UIApplicationSupportsIndirectInputEvents = YES;
				INFOPLIST_KEY_UILaunchStoryboardName = LaunchScreen;
				INFOPLIST_KEY_UISupportedInterfaceOrientations_iPad = "UIInterfaceOrientationPortrait UIInterfaceOrientationPortraitUpsideDown UIInterfaceOrientationLandscapeLeft UIInterfaceOrientationLandscapeRight";
				INFOPLIST_KEY_UISupportedInterfaceOrientations_iPhone = "UIInterfaceOrientationPortrait UIInterfaceOrientationLandscapeLeft UIInterfaceOrientationLandscapeRight";
				LD_RUNPATH_SEARCH_PATHS = (
					"$(inherited)",
					"@executable_path/Frameworks",
				);
				MARKETING_VERSION = 1.0;
				PRODUCT_BUNDLE_IDENTIFIER = "com.javiercueto.Dependency-Injection";
				PRODUCT_NAME = "$(TARGET_NAME)";
				SWIFT_EMIT_LOC_STRINGS = YES;
				SWIFT_VERSION = 5.0;
				TARGETED_DEVICE_FAMILY = "1,2";
			};
			name = Release;
		};
		3BC9CD4328CCD83D0077D8AC /* Debug */ = {
			isa = XCBuildConfiguration;
			buildSettings = {
				ALWAYS_EMBED_SWIFT_STANDARD_LIBRARIES = YES;
				BUNDLE_LOADER = "$(TEST_HOST)";
				CODE_SIGN_STYLE = Automatic;
				CURRENT_PROJECT_VERSION = 1;
				DEVELOPMENT_TEAM = TNSM43P2F3;
				GENERATE_INFOPLIST_FILE = YES;
				IPHONEOS_DEPLOYMENT_TARGET = 15.4;
				MARKETING_VERSION = 1.0;
				PRODUCT_BUNDLE_IDENTIFIER = "com.javiercueto.Dependency-InjectionTests";
				PRODUCT_NAME = "$(TARGET_NAME)";
				SWIFT_EMIT_LOC_STRINGS = NO;
				SWIFT_VERSION = 5.0;
				TARGETED_DEVICE_FAMILY = "1,2";
				TEST_HOST = "$(BUILT_PRODUCTS_DIR)/Dependency Injection.app/Dependency Injection";
			};
			name = Debug;
		};
		3BC9CD4428CCD83D0077D8AC /* Release */ = {
			isa = XCBuildConfiguration;
			buildSettings = {
				ALWAYS_EMBED_SWIFT_STANDARD_LIBRARIES = YES;
				BUNDLE_LOADER = "$(TEST_HOST)";
				CODE_SIGN_STYLE = Automatic;
				CURRENT_PROJECT_VERSION = 1;
				DEVELOPMENT_TEAM = TNSM43P2F3;
				GENERATE_INFOPLIST_FILE = YES;
				IPHONEOS_DEPLOYMENT_TARGET = 15.4;
				MARKETING_VERSION = 1.0;
				PRODUCT_BUNDLE_IDENTIFIER = "com.javiercueto.Dependency-InjectionTests";
				PRODUCT_NAME = "$(TARGET_NAME)";
				SWIFT_EMIT_LOC_STRINGS = NO;
				SWIFT_VERSION = 5.0;
				TARGETED_DEVICE_FAMILY = "1,2";
				TEST_HOST = "$(BUILT_PRODUCTS_DIR)/Dependency Injection.app/Dependency Injection";
			};
			name = Release;
		};
/* End XCBuildConfiguration section */

/* Begin XCConfigurationList section */
		3BC9CD1028CCD83B0077D8AC /* Build configuration list for PBXProject "Dependency Injection" */ = {
			isa = XCConfigurationList;
			buildConfigurations = (
				3BC9CD3D28CCD83D0077D8AC /* Debug */,
				3BC9CD3E28CCD83D0077D8AC /* Release */,
			);
			defaultConfigurationIsVisible = 0;
			defaultConfigurationName = Release;
		};
		3BC9CD3F28CCD83D0077D8AC /* Build configuration list for PBXNativeTarget "Dependency Injection" */ = {
			isa = XCConfigurationList;
			buildConfigurations = (
				3BC9CD4028CCD83D0077D8AC /* Debug */,
				3BC9CD4128CCD83D0077D8AC /* Release */,
			);
			defaultConfigurationIsVisible = 0;
			defaultConfigurationName = Release;
		};
		3BC9CD4228CCD83D0077D8AC /* Build configuration list for PBXNativeTarget "Dependency InjectionTests" */ = {
			isa = XCConfigurationList;
			buildConfigurations = (
				3BC9CD4328CCD83D0077D8AC /* Debug */,
				3BC9CD4428CCD83D0077D8AC /* Release */,
			);
			defaultConfigurationIsVisible = 0;
			defaultConfigurationName = Release;
		};
/* End XCConfigurationList section */
	};
	rootObject = 3BC9CD0D28CCD83B0077D8AC /* Project object */;
}
